lockfileVersion: '6.0'

settings:
  autoInstallPeers: true
  excludeLinksFromLockfile: false

dependencies:
  '@sendgrid/mail':
    specifier: ^7.7.0
    version: 7.7.0
  commander:
    specifier: ^11.0.0
    version: 11.0.0
  dotenv:
    specifier: ^16.3.1
    version: 16.3.1

packages:

  /@sendgrid/client@7.7.0:
    resolution: {integrity: sha512-SxH+y8jeAQSnDavrTD0uGDXYIIkFylCo+eDofVmZLQ0f862nnqbC3Vd1ej6b7Le7lboyzQF6F7Fodv02rYspuA==}
    engines: {node: 6.* || 8.* || >=10.*}
    dependencies:
      '@sendgrid/helpers': 7.7.0
      axios: 0.26.1
    transitivePeerDependencies:
      - debug
    dev: false

  /@sendgrid/helpers@7.7.0:
    resolution: {integrity: sha512-3AsAxfN3GDBcXoZ/y1mzAAbKzTtUZ5+ZrHOmWQ279AuaFXUNCh9bPnRpN504bgveTqoW+11IzPg3I0WVgDINpw==}
    engines: {node: '>= 6.0.0'}
    dependencies:
      deepmerge: 4.3.1
    dev: false

  /@sendgrid/mail@7.7.0:
    resolution: {integrity: sha512-5+nApPE9wINBvHSUxwOxkkQqM/IAAaBYoP9hw7WwgDNQPxraruVqHizeTitVtKGiqWCKm2mnjh4XGN3fvFLqaw==}
    engines: {node: 6.* || 8.* || >=10.*}
    dependencies:
      '@sendgrid/client': 7.7.0
      '@sendgrid/helpers': 7.7.0
    transitivePeerDependencies:
      - debug
    dev: false

  /axios@0.26.1:
    resolution: {integrity: sha512-fPwcX4EvnSHuInCMItEhAGnaSEXRBjtzh9fOtsE6E1G6p7vl7edEeZe11QHf18+6+9gR5PbKV/sGKNaD8YaMeA==}
    dependencies:
      follow-redirects: 1.15.3
    transitivePeerDependencies:
      - debug
    dev: false

  /commander@11.0.0:
    resolution: {integrity: sha512-9HMlXtt/BNoYr8ooyjjNRdIilOTkVJXB+GhxMTtOKwk0R4j4lS4NpjuqmRxroBfnfTSHQIHQB7wryHhXarNjmQ==}
    engines: {node: '>=16'}
    dev: false

  /deepmerge@4.3.1:
    resolution: {integrity: sha512-3sUqbMEc77XqpdNO7FRyRog+eW3ph+GYCbj+rK+uYyRMuwsVy0rMiVtPn+QJlKFvWP/1PYpapqYn0Me2knFn+A==}
    engines: {node: '>=0.10.0'}
    dev: false

  /dotenv@16.3.1:
    resolution: {integrity: sha512-IPzF4w4/Rd94bA9imS68tZBaYyBWSCE47V1RGuMrB94iyTOIEwRmVL2x/4An+6mETpLrKJ5hQkB8W4kFAadeIQ==}
    engines: {node: '>=12'}
    dev: false

  /follow-redirects@1.15.3:
    resolution: {integrity: sha512-1VzOtuEM8pC9SFU1E+8KfTjZyMztRsgEfwQl44z8A25uy13jSzTj6dyK2Df52iV0vgHCfBwLhDWevLn95w5v6Q==}
    engines: {node: '>=4.0'}
    peerDependencies:
      debug: '*'
    peerDependenciesMeta:
      debug:
        optional: true
    dev: false
